
Microsoft Visual Studio Solution File, Format Version 12.00
# Visual Studio Version 17
VisualStudioVersion = 17.2.32602.215
MinimumVisualStudioVersion = 10.0.40219.1
Project("{FAE04EC0-301F-11D3-BF4B-00C04F79EFBC}") = "OceanLogic", "OceanLogic.csproj", "{CAC350F8-4060-4C38-BE12-F5993BACD3A0}"
EndProject
Global
	GlobalSection(SolutionConfigurationPlatforms) = preSolution
		Debug|Any CPU = Debug|Any CPU
		Release|Any CPU = Release|Any CPU
	EndGlobalSection
	GlobalSection(ProjectConfigurationPlatforms) = postSolution
		{CAC350F8-4060-4C38-BE12-F5993BACD3A0}.Debug|Any CPU.ActiveCfg = Debug|Any CPU
		{CAC350F8-4060-4C38-BE12-F5993BACD3A0}.Debug|Any CPU.Build.0 = Debug|Any CPU
		{CAC350F8-4060-4C38-BE12-F5993BACD3A0}.Release|Any CPU.ActiveCfg = Release|Any CPU
		{CAC350F8-4060-4C38-BE12-F5993BACD3A0}.Release|Any CPU.Build.0 = Release|Any CPU
	EndGlobalSection
	GlobalSection(SolutionProperties) = preSolution
		HideSolutionNode = FALSE
	EndGlobalSection
	GlobalSection(ExtensibilityGlobals) = postSolution
		SolutionGuid = {A219B416-8758-4DAB-A01F-21DAFF15CDDA}
	EndGlobalSection
EndGlobal
